
Microsoft Visual Studio Solution File, Format Version 12.00
# Visual Studio Version 16
VisualStudioVersion = 16.0.30204.135
MinimumVisualStudioVersion = 10.0.40219.1
Project("{9A19103F-16F7-4668-BE54-9A1E7A4F7556}") = "IdleBusiness", "IdleBusiness.csproj", "{3204EDB5-FAA8-4BFA-8C75-436446CE5EB3}"
EndProject
Project("{FAE04EC0-301F-11D3-BF4B-00C04F79EFBC}") = "IdleBusinessTests", "..\IdleBusinessTests\IdleBusinessTests.csproj", "{853A09FA-5D56-4E1E-95D8-39FAA5D89C18}"
EndProject
Global
	GlobalSection(SolutionConfigurationPlatforms) = preSolution
		Debug|Any CPU = Debug|Any CPU
		Release|Any CPU = Release|Any CPU
	EndGlobalSection
	GlobalSection(ProjectConfigurationPlatforms) = postSolution
		{3204EDB5-FAA8-4BFA-8C75-436446CE5EB3}.Debug|Any CPU.ActiveCfg = Debug|Any CPU
		{3204EDB5-FAA8-4BFA-8C75-436446CE5EB3}.Debug|Any CPU.Build.0 = Debug|Any CPU
		{3204EDB5-FAA8-4BFA-8C75-436446CE5EB3}.Release|Any CPU.ActiveCfg = Release|Any CPU
		{3204EDB5-FAA8-4BFA-8C75-436446CE5EB3}.Release|Any CPU.Build.0 = Release|Any CPU
		{853A09FA-5D56-4E1E-95D8-39FAA5D89C18}.Debug|Any CPU.ActiveCfg = Debug|Any CPU
		{853A09FA-5D56-4E1E-95D8-39FAA5D89C18}.Debug|Any CPU.Build.0 = Debug|Any CPU
		{853A09FA-5D56-4E1E-95D8-39FAA5D89C18}.Release|Any CPU.ActiveCfg = Release|Any CPU
		{853A09FA-5D56-4E1E-95D8-39FAA5D89C18}.Release|Any CPU.Build.0 = Release|Any CPU
	EndGlobalSection
	GlobalSection(SolutionProperties) = preSolution
		HideSolutionNode = FALSE
	EndGlobalSection
	GlobalSection(ExtensibilityGlobals) = postSolution
		SolutionGuid = {04D3A267-E5CA-4FC0-8D0D-E23A8B6A2A22}
	EndGlobalSection
EndGlobal
